
Microsoft Visual Studio Solution File, Format Version 12.00
# Visual Studio Version 17
VisualStudioVersion = 17.11.35327.3
MinimumVisualStudioVersion = 10.0.40219.1
Project("{FAE04EC0-301F-11D3-BF4B-00C04F79EFBC}") = "CLI-NTUA-2024", "CLI-NTUA-2024.csproj", "{87DD1F69-3DF7-40DA-81B6-73BDD15A7F56}"
EndProject
Global
	GlobalSection(SolutionConfigurationPlatforms) = preSolution
		Debug|Any CPU = Debug|Any CPU
		Release|Any CPU = Release|Any CPU
	EndGlobalSection
	GlobalSection(ProjectConfigurationPlatforms) = postSolution
		{87DD1F69-3DF7-40DA-81B6-73BDD15A7F56}.Debug|Any CPU.ActiveCfg = Debug|Any CPU
		{87DD1F69-3DF7-40DA-81B6-73BDD15A7F56}.Debug|Any CPU.Build.0 = Debug|Any CPU
		{87DD1F69-3DF7-40DA-81B6-73BDD15A7F56}.Release|Any CPU.ActiveCfg = Release|Any CPU
		{87DD1F69-3DF7-40DA-81B6-73BDD15A7F56}.Release|Any CPU.Build.0 = Release|Any CPU
	EndGlobalSection
	GlobalSection(SolutionProperties) = preSolution
		HideSolutionNode = FALSE
	EndGlobalSection
	GlobalSection(ExtensibilityGlobals) = postSolution
		SolutionGuid = {ED42CDA2-11B7-4F51-BCC8-EC9DA473884B}
	EndGlobalSection
EndGlobal
